
Microsoft Visual Studio Solution File, Format Version 12.00
Project("{FAE04EC0-301F-11D3-BF4B-00C04F79EFBC}") = "Etermium", "Etermium\Etermium.csproj", "{36B5C543-1770-4E21-ABFA-E4D7DD8B094F}"
EndProject
Global
	GlobalSection(SolutionConfigurationPlatforms) = preSolution
		Debug|Any CPU = Debug|Any CPU
		Release|Any CPU = Release|Any CPU
	EndGlobalSection
	GlobalSection(ProjectConfigurationPlatforms) = postSolution
		{36B5C543-1770-4E21-ABFA-E4D7DD8B094F}.Debug|Any CPU.ActiveCfg = Debug|Any CPU
		{36B5C543-1770-4E21-ABFA-E4D7DD8B094F}.Debug|Any CPU.Build.0 = Debug|Any CPU
		{36B5C543-1770-4E21-ABFA-E4D7DD8B094F}.Release|Any CPU.ActiveCfg = Release|Any CPU
		{36B5C543-1770-4E21-ABFA-E4D7DD8B094F}.Release|Any CPU.Build.0 = Release|Any CPU
	EndGlobalSection
EndGlobal
